
Microsoft Visual Studio Solution File, Format Version 12.00
# Visual Studio Version 17
VisualStudioVersion = 17.9.34728.123
MinimumVisualStudioVersion = 10.0.40219.1
Project("{FAE04EC0-301F-11D3-BF4B-00C04F79EFBC}") = "MetalPipeMod", "MetalPipeMod\MetalPipeMod.csproj", "{82B45E7A-0FD1-46B7-A3FE-268573A816D8}"
EndProject
Global
	GlobalSection(SolutionConfigurationPlatforms) = preSolution
		Debug|Any CPU = Debug|Any CPU
		Release|Any CPU = Release|Any CPU
	EndGlobalSection
	GlobalSection(ProjectConfigurationPlatforms) = postSolution
		{82B45E7A-0FD1-46B7-A3FE-268573A816D8}.Debug|Any CPU.ActiveCfg = Debug|Any CPU
		{82B45E7A-0FD1-46B7-A3FE-268573A816D8}.Debug|Any CPU.Build.0 = Debug|Any CPU
		{82B45E7A-0FD1-46B7-A3FE-268573A816D8}.Release|Any CPU.ActiveCfg = Release|Any CPU
		{82B45E7A-0FD1-46B7-A3FE-268573A816D8}.Release|Any CPU.Build.0 = Release|Any CPU
	EndGlobalSection
	GlobalSection(SolutionProperties) = preSolution
		HideSolutionNode = FALSE
	EndGlobalSection
	GlobalSection(ExtensibilityGlobals) = postSolution
		SolutionGuid = {D1E752B0-2A82-43A0-9116-656478689B6E}
	EndGlobalSection
EndGlobal
